
Microsoft Visual Studio Solution File, Format Version 12.00
# Visual Studio Version 17
VisualStudioVersion = 17.3.32901.215
MinimumVisualStudioVersion = 10.0.40219.1
Project("{FAE04EC0-301F-11D3-BF4B-00C04F79EFBC}") = "Task1", "Task1\Task1.csproj", "{919BE074-6E61-4E9F-9565-9C1A4A80D095}"
EndProject
Global
	GlobalSection(SolutionConfigurationPlatforms) = preSolution
		Debug|Any CPU = Debug|Any CPU
		Release|Any CPU = Release|Any CPU
	EndGlobalSection
	GlobalSection(ProjectConfigurationPlatforms) = postSolution
		{919BE074-6E61-4E9F-9565-9C1A4A80D095}.Debug|Any CPU.ActiveCfg = Debug|Any CPU
		{919BE074-6E61-4E9F-9565-9C1A4A80D095}.Debug|Any CPU.Build.0 = Debug|Any CPU
		{919BE074-6E61-4E9F-9565-9C1A4A80D095}.Release|Any CPU.ActiveCfg = Release|Any CPU
		{919BE074-6E61-4E9F-9565-9C1A4A80D095}.Release|Any CPU.Build.0 = Release|Any CPU
	EndGlobalSection
	GlobalSection(SolutionProperties) = preSolution
		HideSolutionNode = FALSE
	EndGlobalSection
	GlobalSection(ExtensibilityGlobals) = postSolution
		SolutionGuid = {F4A4B45E-C0F1-4905-91CE-5AF7C75CDAF1}
	EndGlobalSection
EndGlobal
